
Microsoft Visual Studio Solution File, Format Version 12.00
# Visual Studio Version 16
VisualStudioVersion = 16.0.29123.88
MinimumVisualStudioVersion = 10.0.40219.1
Project("{F184B08F-C81C-45F6-A57F-5ABD9991F28F}") = "ProfanityBlocker", "ProfanityBlocker-VB-NET-Implementation\ProfanityBlocker.vbproj", "{BF21649B-73EB-4608-8BFF-468FA5DBEB27}"
EndProject
Global
	GlobalSection(SolutionConfigurationPlatforms) = preSolution
		Debug|Any CPU = Debug|Any CPU
		Release|Any CPU = Release|Any CPU
	EndGlobalSection
	GlobalSection(ProjectConfigurationPlatforms) = postSolution
		{BF21649B-73EB-4608-8BFF-468FA5DBEB27}.Debug|Any CPU.ActiveCfg = Debug|Any CPU
		{BF21649B-73EB-4608-8BFF-468FA5DBEB27}.Debug|Any CPU.Build.0 = Debug|Any CPU
		{BF21649B-73EB-4608-8BFF-468FA5DBEB27}.Release|Any CPU.ActiveCfg = Release|Any CPU
		{BF21649B-73EB-4608-8BFF-468FA5DBEB27}.Release|Any CPU.Build.0 = Release|Any CPU
	EndGlobalSection
	GlobalSection(SolutionProperties) = preSolution
		HideSolutionNode = FALSE
	EndGlobalSection
	GlobalSection(ExtensibilityGlobals) = postSolution
		SolutionGuid = {ECF4F639-DBDB-40AB-8BDF-5E86C2FD7CC5}
	EndGlobalSection
EndGlobal
